
Microsoft Visual Studio Solution File, Format Version 12.00
# Visual Studio 15
VisualStudioVersion = 15.0.28307.1321
MinimumVisualStudioVersion = 10.0.40219.1
Project("{8BC9CEB8-8B4A-11D0-8D11-00A0C91BC942}") = "COM2HC", "COM2HC.vcxproj", "{4FF423DF-9778-41F6-8466-C28811385C75}"
EndProject
Global
	GlobalSection(SolutionConfigurationPlatforms) = preSolution
		Debug|x64 = Debug|x64
		Debug|x86 = Debug|x86
		Release|x64 = Release|x64
		Release|x86 = Release|x86
	EndGlobalSection
	GlobalSection(ProjectConfigurationPlatforms) = postSolution
		{4FF423DF-9778-41F6-8466-C28811385C75}.Debug|x64.ActiveCfg = Debug|x64
		{4FF423DF-9778-41F6-8466-C28811385C75}.Debug|x64.Build.0 = Debug|x64
		{4FF423DF-9778-41F6-8466-C28811385C75}.Debug|x86.ActiveCfg = Debug|Win32
		{4FF423DF-9778-41F6-8466-C28811385C75}.Debug|x86.Build.0 = Debug|Win32
		{4FF423DF-9778-41F6-8466-C28811385C75}.Release|x64.ActiveCfg = Release|x64
		{4FF423DF-9778-41F6-8466-C28811385C75}.Release|x64.Build.0 = Release|x64
		{4FF423DF-9778-41F6-8466-C28811385C75}.Release|x86.ActiveCfg = Release|Win32
		{4FF423DF-9778-41F6-8466-C28811385C75}.Release|x86.Build.0 = Release|Win32
	EndGlobalSection
	GlobalSection(SolutionProperties) = preSolution
		HideSolutionNode = FALSE
	EndGlobalSection
	GlobalSection(ExtensibilityGlobals) = postSolution
		SolutionGuid = {347C9DAE-0D36-442D-AC9A-81398DF0EB4D}
	EndGlobalSection
EndGlobal
